
Microsoft Visual Studio Solution File, Format Version 12.00
# Visual Studio Version 17
VisualStudioVersion = 17.2.32210.308
MinimumVisualStudioVersion = 10.0.40219.1
Project("{9A19103F-16F7-4668-BE54-9A1E7A4F7556}") = "FileMover.Console", "FileMover.Console\FileMover.Console.csproj", "{15A8701C-6554-4251-86CF-B8544C0F38EA}"
EndProject
Global
	GlobalSection(SolutionConfigurationPlatforms) = preSolution
		Debug|Any CPU = Debug|Any CPU
		Release|Any CPU = Release|Any CPU
	EndGlobalSection
	GlobalSection(ProjectConfigurationPlatforms) = postSolution
		{15A8701C-6554-4251-86CF-B8544C0F38EA}.Debug|Any CPU.ActiveCfg = Debug|Any CPU
		{15A8701C-6554-4251-86CF-B8544C0F38EA}.Debug|Any CPU.Build.0 = Debug|Any CPU
		{15A8701C-6554-4251-86CF-B8544C0F38EA}.Release|Any CPU.ActiveCfg = Release|Any CPU
		{15A8701C-6554-4251-86CF-B8544C0F38EA}.Release|Any CPU.Build.0 = Release|Any CPU
	EndGlobalSection
	GlobalSection(SolutionProperties) = preSolution
		HideSolutionNode = FALSE
	EndGlobalSection
	GlobalSection(ExtensibilityGlobals) = postSolution
		SolutionGuid = {68760969-9937-4038-9C52-CD22FD2063A8}
	EndGlobalSection
EndGlobal
